
Microsoft Visual Studio Solution File, Format Version 12.00
# Visual Studio Version 16
VisualStudioVersion = 16.0.30320.27
MinimumVisualStudioVersion = 10.0.40219.1
Project("{FAE04EC0-301F-11D3-BF4B-00C04F79EFBC}") = "apicallfromcontroller_18721", "apicallfromcontroller_18721.csproj", "{0DD05347-6812-4EFF-9F8C-E993C5FB3853}"
EndProject
Global
	GlobalSection(SolutionConfigurationPlatforms) = preSolution
		Debug|Any CPU = Debug|Any CPU
		Release|Any CPU = Release|Any CPU
	EndGlobalSection
	GlobalSection(ProjectConfigurationPlatforms) = postSolution
		{0DD05347-6812-4EFF-9F8C-E993C5FB3853}.Debug|Any CPU.ActiveCfg = Debug|Any CPU
		{0DD05347-6812-4EFF-9F8C-E993C5FB3853}.Debug|Any CPU.Build.0 = Debug|Any CPU
		{0DD05347-6812-4EFF-9F8C-E993C5FB3853}.Release|Any CPU.ActiveCfg = Release|Any CPU
		{0DD05347-6812-4EFF-9F8C-E993C5FB3853}.Release|Any CPU.Build.0 = Release|Any CPU
	EndGlobalSection
	GlobalSection(SolutionProperties) = preSolution
		HideSolutionNode = FALSE
	EndGlobalSection
	GlobalSection(ExtensibilityGlobals) = postSolution
		SolutionGuid = {493F74EB-C974-495F-A6C4-6C6779538D59}
	EndGlobalSection
EndGlobal
